Microsoft Visual Studio Solution File, Format Version 12.00
# Visual Studio 14
Project("{2150E333-8FDC-42A3-9474-1A3956D46DE8}") = "CMakePredefinedTargets", "CMakePredefinedTargets", "{354A3DAB-9728-3B3D-A5F4-84FCB31153F3}"
EndProject
Project("{2150E333-8FDC-42A3-9474-1A3956D46DE8}") = "GLFW3", "GLFW3", "{A5D1D820-57F7-33F6-8362-F10D506CB81F}"
EndProject
Project("{2150E333-8FDC-42A3-9474-1A3956D46DE8}") = "Examples", "GLFW3\Examples", "{BED19205-D92E-35A4-BC36-50483B8145CC}"
EndProject
Project("{2150E333-8FDC-42A3-9474-1A3956D46DE8}") = "Tests", "GLFW3\Tests", "{DD422E2D-C77B-3B52-A461-E551F29E753C}"
EndProject
Project("{2150E333-8FDC-42A3-9474-1A3956D46DE8}") = "ImGuizmo", "ImGuizmo", "{9A7208C6-7CAE-38DE-A5D6-7898EC6EAFF0}"
EndProject
Project("{2150E333-8FDC-42A3-9474-1A3956D46DE8}") = "MeshViewer", "MeshViewer", "{42DA6DC7-9764-3933-AC05-AC8E7C7D1BF4}"
EndProject
Project("{2150E333-8FDC-42A3-9474-1A3956D46DE8}") = "imgui", "imgui", "{E2C46430-2AF0-39BA-BFF4-71495014D508}"
EndProject
Project("{2150E333-8FDC-42A3-9474-1A3956D46DE8}") = "nativefiledialog", "nativefiledialog", "{85C55509-F7F0-3796-8839-24F6CC3702CF}"
EndProject
Project("{8BC9CEB8-8B4A-11D0-8D11-00A0C91BC942}") = "MeshViewer", "MeshViewer.vcxproj", "{A25D6D77-56BB-3B15-9EA5-55FB022DF29C}"
	ProjectSection(ProjectDependencies) = postProject
		{AA7AE618-BABE-38C6-99D8-43DA059C78C0} = {AA7AE618-BABE-38C6-99D8-43DA059C78C0}
		{9A83632C-B3F3-332E-8071-80EFDED654DF} = {9A83632C-B3F3-332E-8071-80EFDED654DF}
		{2A39F791-5CAB-3E65-9A2A-52792F411942} = {2A39F791-5CAB-3E65-9A2A-52792F411942}
		{EC1908C6-C03D-33B6-810B-08AEE4FEF8EE} = {EC1908C6-C03D-33B6-810B-08AEE4FEF8EE}
		{7E414736-5395-3F41-AD5D-E60F37E3D765} = {7E414736-5395-3F41-AD5D-E60F37E3D765}
		{2EB38D89-A61F-3135-85CF-B858F4364A5B} = {2EB38D89-A61F-3135-85CF-B858F4364A5B}
	EndProjectSection
EndProject
Project("{8BC9CEB8-8B4A-11D0-8D11-00A0C91BC942}") = "ALL_BUILD", "ALL_BUILD.vcxproj", "{6C3BBEC3-1241-3A7D-A775-E14429B31268}"
	ProjectSection(ProjectDependencies) = postProject
		{AA7AE618-BABE-38C6-99D8-43DA059C78C0} = {AA7AE618-BABE-38C6-99D8-43DA059C78C0}
		{A25D6D77-56BB-3B15-9EA5-55FB022DF29C} = {A25D6D77-56BB-3B15-9EA5-55FB022DF29C}
		{9A83632C-B3F3-332E-8071-80EFDED654DF} = {9A83632C-B3F3-332E-8071-80EFDED654DF}
		{A00FF148-CBFB-3C50-83F4-A57B3C4CF79D} = {A00FF148-CBFB-3C50-83F4-A57B3C4CF79D}
		{1163CCF6-9524-35F4-B385-ED5AC89EC540} = {1163CCF6-9524-35F4-B385-ED5AC89EC540}
		{691C72EE-B91F-3270-A20E-E0EC8410D716} = {691C72EE-B91F-3270-A20E-E0EC8410D716}
		{D2149A51-9848-3F2C-9CBC-9F166FC9AF92} = {D2149A51-9848-3F2C-9CBC-9F166FC9AF92}
		{DAEC6CC2-BA11-302E-A1DC-8E7079C94A47} = {DAEC6CC2-BA11-302E-A1DC-8E7079C94A47}
		{A791CD37-1C75-3E21-872E-B8D3F118ADE2} = {A791CD37-1C75-3E21-872E-B8D3F118ADE2}
		{564A7B8A-BD06-3FE4-83DE-B6ADC9E1311B} = {564A7B8A-BD06-3FE4-83DE-B6ADC9E1311B}
		{2A39F791-5CAB-3E65-9A2A-52792F411942} = {2A39F791-5CAB-3E65-9A2A-52792F411942}
		{EC1908C6-C03D-33B6-810B-08AEE4FEF8EE} = {EC1908C6-C03D-33B6-810B-08AEE4FEF8EE}
		{63A48127-F9E7-3B56-9BDB-8EAA8BC05375} = {63A48127-F9E7-3B56-9BDB-8EAA8BC05375}
		{92CD6552-572E-346B-A5DD-72659FE331D0} = {92CD6552-572E-346B-A5DD-72659FE331D0}
		{B31FDB4A-8BCC-3069-8B46-0F4163F977B9} = {B31FDB4A-8BCC-3069-8B46-0F4163F977B9}
		{5AACF209-9BD2-3F00-A30D-B642559EB2A5} = {5AACF209-9BD2-3F00-A30D-B642559EB2A5}
		{7E414736-5395-3F41-AD5D-E60F37E3D765} = {7E414736-5395-3F41-AD5D-E60F37E3D765}
		{756E2036-83AB-36E9-814B-F38102310CAC} = {756E2036-83AB-36E9-814B-F38102310CAC}
		{8B1C59B3-09E0-3B3C-B457-D83868B39149} = {8B1C59B3-09E0-3B3C-B457-D83868B39149}
		{F64AAECC-C8A0-3A63-BA40-C413CD1B3E05} = {F64AAECC-C8A0-3A63-BA40-C413CD1B3E05}
		{D513EF61-5EF7-3992-A20B-736FCF3D0522} = {D513EF61-5EF7-3992-A20B-736FCF3D0522}
		{2EB38D89-A61F-3135-85CF-B858F4364A5B} = {2EB38D89-A61F-3135-85CF-B858F4364A5B}
		{0D7714E9-AA96-379E-9C77-1801C4FD84C9} = {0D7714E9-AA96-379E-9C77-1801C4FD84C9}
		{0C6C5E89-B50D-3DA3-9D94-70506E82C0AF} = {0C6C5E89-B50D-3DA3-9D94-70506E82C0AF}
		{B4A8E3D9-6F07-38A2-A4B1-ED1D46D9A984} = {B4A8E3D9-6F07-38A2-A4B1-ED1D46D9A984}
		{2C76CF1E-1A17-333D-B04F-7C5B72D5313F} = {2C76CF1E-1A17-333D-B04F-7C5B72D5313F}
		{98C3D2E8-F582-3916-B868-66633914A082} = {98C3D2E8-F582-3916-B868-66633914A082}
		{7F0AB17B-F17C-31AF-B71D-0B575F7923B8} = {7F0AB17B-F17C-31AF-B71D-0B575F7923B8}
		{C6F611AF-2095-3175-9547-9BD114040A51} = {C6F611AF-2095-3175-9547-9BD114040A51}
		{834F85EE-F494-3D3E-9A5F-51CED63FF750} = {834F85EE-F494-3D3E-9A5F-51CED63FF750}
		{11CF1987-508F-3B74-AB93-D67AF354B319} = {11CF1987-508F-3B74-AB93-D67AF354B319}
		{0EFAD66A-1E90-3372-B78F-F9A8C41492A5} = {0EFAD66A-1E90-3372-B78F-F9A8C41492A5}
		{4999232F-8017-3E1D-BD7B-F8C0A6AA14C1} = {4999232F-8017-3E1D-BD7B-F8C0A6AA14C1}
		{7D4A946D-5A06-3F0D-882F-C31775669F30} = {7D4A946D-5A06-3F0D-882F-C31775669F30}
		{E32B004F-2413-30CF-873E-A2AF58C71DE7} = {E32B004F-2413-30CF-873E-A2AF58C71DE7}
	EndProjectSection
EndProject
Project("{8BC9CEB8-8B4A-11D0-8D11-00A0C91BC942}") = "INSTALL", "INSTALL.vcxproj", "{86254C34-CAAA-37FD-A0BD-ACE28440B9EC}"
	ProjectSection(ProjectDependencies) = postProject
		{6C3BBEC3-1241-3A7D-A775-E14429B31268} = {6C3BBEC3-1241-3A7D-A775-E14429B31268}
		{9A83632C-B3F3-332E-8071-80EFDED654DF} = {9A83632C-B3F3-332E-8071-80EFDED654DF}
	EndProjectSection
EndProject
Project("{8BC9CEB8-8B4A-11D0-8D11-00A0C91BC942}") = "ImGuizmo", "ThirdParty\ImGuizmo\ImGuizmo.vcxproj", "{AA7AE618-BABE-38C6-99D8-43DA059C78C0}"
	ProjectSection(ProjectDependencies) = postProject
		{9A83632C-B3F3-332E-8071-80EFDED654DF} = {9A83632C-B3F3-332E-8071-80EFDED654DF}
	EndProjectSection
EndProject
Project("{8BC9CEB8-8B4A-11D0-8D11-00A0C91BC942}") = "ZERO_CHECK", "ZERO_CHECK.vcxproj", "{9A83632C-B3F3-332E-8071-80EFDED654DF}"
	ProjectSection(ProjectDependencies) = postProject
	EndProjectSection
EndProject
Project("{8BC9CEB8-8B4A-11D0-8D11-00A0C91BC942}") = "boing", "ThirdParty\glfw\examples\boing.vcxproj", "{A00FF148-CBFB-3C50-83F4-A57B3C4CF79D}"
	ProjectSection(ProjectDependencies) = postProject
		{9A83632C-B3F3-332E-8071-80EFDED654DF} = {9A83632C-B3F3-332E-8071-80EFDED654DF}
		{EC1908C6-C03D-33B6-810B-08AEE4FEF8EE} = {EC1908C6-C03D-33B6-810B-08AEE4FEF8EE}
	EndProjectSection
EndProject
Project("{8BC9CEB8-8B4A-11D0-8D11-00A0C91BC942}") = "clipboard", "ThirdParty\glfw\tests\clipboard.vcxproj", "{1163CCF6-9524-35F4-B385-ED5AC89EC540}"
	ProjectSection(ProjectDependencies) = postProject
		{9A83632C-B3F3-332E-8071-80EFDED654DF} = {9A83632C-B3F3-332E-8071-80EFDED654DF}
		{EC1908C6-C03D-33B6-810B-08AEE4FEF8EE} = {EC1908C6-C03D-33B6-810B-08AEE4FEF8EE}
	EndProjectSection
EndProject
Project("{8BC9CEB8-8B4A-11D0-8D11-00A0C91BC942}") = "cursor", "ThirdParty\glfw\tests\cursor.vcxproj", "{691C72EE-B91F-3270-A20E-E0EC8410D716}"
	ProjectSection(ProjectDependencies) = postProject
		{9A83632C-B3F3-332E-8071-80EFDED654DF} = {9A83632C-B3F3-332E-8071-80EFDED654DF}
		{EC1908C6-C03D-33B6-810B-08AEE4FEF8EE} = {EC1908C6-C03D-33B6-810B-08AEE4FEF8EE}
	EndProjectSection
EndProject
Project("{8BC9CEB8-8B4A-11D0-8D11-00A0C91BC942}") = "empty", "ThirdParty\glfw\tests\empty.vcxproj", "{D2149A51-9848-3F2C-9CBC-9F166FC9AF92}"
	ProjectSection(ProjectDependencies) = postProject
		{9A83632C-B3F3-332E-8071-80EFDED654DF} = {9A83632C-B3F3-332E-8071-80EFDED654DF}
		{EC1908C6-C03D-33B6-810B-08AEE4FEF8EE} = {EC1908C6-C03D-33B6-810B-08AEE4FEF8EE}
	EndProjectSection
EndProject
Project("{8BC9CEB8-8B4A-11D0-8D11-00A0C91BC942}") = "events", "ThirdParty\glfw\tests\events.vcxproj", "{DAEC6CC2-BA11-302E-A1DC-8E7079C94A47}"
	ProjectSection(ProjectDependencies) = postProject
		{9A83632C-B3F3-332E-8071-80EFDED654DF} = {9A83632C-B3F3-332E-8071-80EFDED654DF}
		{EC1908C6-C03D-33B6-810B-08AEE4FEF8EE} = {EC1908C6-C03D-33B6-810B-08AEE4FEF8EE}
	EndProjectSection
EndProject
Project("{8BC9CEB8-8B4A-11D0-8D11-00A0C91BC942}") = "gamma", "ThirdParty\glfw\tests\gamma.vcxproj", "{A791CD37-1C75-3E21-872E-B8D3F118ADE2}"
	ProjectSection(ProjectDependencies) = postProject
		{9A83632C-B3F3-332E-8071-80EFDED654DF} = {9A83632C-B3F3-332E-8071-80EFDED654DF}
		{EC1908C6-C03D-33B6-810B-08AEE4FEF8EE} = {EC1908C6-C03D-33B6-810B-08AEE4FEF8EE}
	EndProjectSection
EndProject
Project("{8BC9CEB8-8B4A-11D0-8D11-00A0C91BC942}") = "gears", "ThirdParty\glfw\examples\gears.vcxproj", "{564A7B8A-BD06-3FE4-83DE-B6ADC9E1311B}"
	ProjectSection(ProjectDependencies) = postProject
		{9A83632C-B3F3-332E-8071-80EFDED654DF} = {9A83632C-B3F3-332E-8071-80EFDED654DF}
		{EC1908C6-C03D-33B6-810B-08AEE4FEF8EE} = {EC1908C6-C03D-33B6-810B-08AEE4FEF8EE}
	EndProjectSection
EndProject
Project("{8BC9CEB8-8B4A-11D0-8D11-00A0C91BC942}") = "glad", "ThirdParty\glad\glad.vcxproj", "{2A39F791-5CAB-3E65-9A2A-52792F411942}"
	ProjectSection(ProjectDependencies) = postProject
		{9A83632C-B3F3-332E-8071-80EFDED654DF} = {9A83632C-B3F3-332E-8071-80EFDED654DF}
		{DBEB37C9-B98C-3608-AB74-6A46DEF940A3} = {DBEB37C9-B98C-3608-AB74-6A46DEF940A3}
	EndProjectSection
EndProject
Project("{8BC9CEB8-8B4A-11D0-8D11-00A0C91BC942}") = "glad-generate-files", "ThirdParty\glad\glad-generate-files.vcxproj", "{DBEB37C9-B98C-3608-AB74-6A46DEF940A3}"
	ProjectSection(ProjectDependencies) = postProject
		{9A83632C-B3F3-332E-8071-80EFDED654DF} = {9A83632C-B3F3-332E-8071-80EFDED654DF}
	EndProjectSection
EndProject
Project("{8BC9CEB8-8B4A-11D0-8D11-00A0C91BC942}") = "glfw", "ThirdParty\glfw\src\glfw.vcxproj", "{EC1908C6-C03D-33B6-810B-08AEE4FEF8EE}"
	ProjectSection(ProjectDependencies) = postProject
		{9A83632C-B3F3-332E-8071-80EFDED654DF} = {9A83632C-B3F3-332E-8071-80EFDED654DF}
	EndProjectSection
EndProject
Project("{8BC9CEB8-8B4A-11D0-8D11-00A0C91BC942}") = "glfwinfo", "ThirdParty\glfw\tests\glfwinfo.vcxproj", "{63A48127-F9E7-3B56-9BDB-8EAA8BC05375}"
	ProjectSection(ProjectDependencies) = postProject
		{9A83632C-B3F3-332E-8071-80EFDED654DF} = {9A83632C-B3F3-332E-8071-80EFDED654DF}
		{EC1908C6-C03D-33B6-810B-08AEE4FEF8EE} = {EC1908C6-C03D-33B6-810B-08AEE4FEF8EE}
	EndProjectSection
EndProject
Project("{8BC9CEB8-8B4A-11D0-8D11-00A0C91BC942}") = "heightmap", "ThirdParty\glfw\examples\heightmap.vcxproj", "{92CD6552-572E-346B-A5DD-72659FE331D0}"
	ProjectSection(ProjectDependencies) = postProject
		{9A83632C-B3F3-332E-8071-80EFDED654DF} = {9A83632C-B3F3-332E-8071-80EFDED654DF}
		{EC1908C6-C03D-33B6-810B-08AEE4FEF8EE} = {EC1908C6-C03D-33B6-810B-08AEE4FEF8EE}
	EndProjectSection
EndProject
Project("{8BC9CEB8-8B4A-11D0-8D11-00A0C91BC942}") = "icon", "ThirdParty\glfw\tests\icon.vcxproj", "{B31FDB4A-8BCC-3069-8B46-0F4163F977B9}"
	ProjectSection(ProjectDependencies) = postProject
		{9A83632C-B3F3-332E-8071-80EFDED654DF} = {9A83632C-B3F3-332E-8071-80EFDED654DF}
		{EC1908C6-C03D-33B6-810B-08AEE4FEF8EE} = {EC1908C6-C03D-33B6-810B-08AEE4FEF8EE}
	EndProjectSection
EndProject
Project("{8BC9CEB8-8B4A-11D0-8D11-00A0C91BC942}") = "iconify", "ThirdParty\glfw\tests\iconify.vcxproj", "{5AACF209-9BD2-3F00-A30D-B642559EB2A5}"
	ProjectSection(ProjectDependencies) = postProject
		{9A83632C-B3F3-332E-8071-80EFDED654DF} = {9A83632C-B3F3-332E-8071-80EFDED654DF}
		{EC1908C6-C03D-33B6-810B-08AEE4FEF8EE} = {EC1908C6-C03D-33B6-810B-08AEE4FEF8EE}
	EndProjectSection
EndProject
Project("{8BC9CEB8-8B4A-11D0-8D11-00A0C91BC942}") = "imgui", "ThirdParty\imgui\imgui.vcxproj", "{7E414736-5395-3F41-AD5D-E60F37E3D765}"
	ProjectSection(ProjectDependencies) = postProject
		{9A83632C-B3F3-332E-8071-80EFDED654DF} = {9A83632C-B3F3-332E-8071-80EFDED654DF}
	EndProjectSection
EndProject
Project("{8BC9CEB8-8B4A-11D0-8D11-00A0C91BC942}") = "inputlag", "ThirdParty\glfw\tests\inputlag.vcxproj", "{756E2036-83AB-36E9-814B-F38102310CAC}"
	ProjectSection(ProjectDependencies) = postProject
		{9A83632C-B3F3-332E-8071-80EFDED654DF} = {9A83632C-B3F3-332E-8071-80EFDED654DF}
		{EC1908C6-C03D-33B6-810B-08AEE4FEF8EE} = {EC1908C6-C03D-33B6-810B-08AEE4FEF8EE}
	EndProjectSection
EndProject
Project("{8BC9CEB8-8B4A-11D0-8D11-00A0C91BC942}") = "joysticks", "ThirdParty\glfw\tests\joysticks.vcxproj", "{8B1C59B3-09E0-3B3C-B457-D83868B39149}"
	ProjectSection(ProjectDependencies) = postProject
		{9A83632C-B3F3-332E-8071-80EFDED654DF} = {9A83632C-B3F3-332E-8071-80EFDED654DF}
		{EC1908C6-C03D-33B6-810B-08AEE4FEF8EE} = {EC1908C6-C03D-33B6-810B-08AEE4FEF8EE}
	EndProjectSection
EndProject
Project("{8BC9CEB8-8B4A-11D0-8D11-00A0C91BC942}") = "monitors", "ThirdParty\glfw\tests\monitors.vcxproj", "{F64AAECC-C8A0-3A63-BA40-C413CD1B3E05}"
	ProjectSection(ProjectDependencies) = postProject
		{9A83632C-B3F3-332E-8071-80EFDED654DF} = {9A83632C-B3F3-332E-8071-80EFDED654DF}
		{EC1908C6-C03D-33B6-810B-08AEE4FEF8EE} = {EC1908C6-C03D-33B6-810B-08AEE4FEF8EE}
	EndProjectSection
EndProject
Project("{8BC9CEB8-8B4A-11D0-8D11-00A0C91BC942}") = "msaa", "ThirdParty\glfw\tests\msaa.vcxproj", "{D513EF61-5EF7-3992-A20B-736FCF3D0522}"
	ProjectSection(ProjectDependencies) = postProject
		{9A83632C-B3F3-332E-8071-80EFDED654DF} = {9A83632C-B3F3-332E-8071-80EFDED654DF}
		{EC1908C6-C03D-33B6-810B-08AEE4FEF8EE} = {EC1908C6-C03D-33B6-810B-08AEE4FEF8EE}
	EndProjectSection
EndProject
Project("{8BC9CEB8-8B4A-11D0-8D11-00A0C91BC942}") = "nativefiledialog", "ThirdParty\nativefiledialog\nativefiledialog.vcxproj", "{2EB38D89-A61F-3135-85CF-B858F4364A5B}"
	ProjectSection(ProjectDependencies) = postProject
		{9A83632C-B3F3-332E-8071-80EFDED654DF} = {9A83632C-B3F3-332E-8071-80EFDED654DF}
	EndProjectSection
EndProject
Project("{8BC9CEB8-8B4A-11D0-8D11-00A0C91BC942}") = "offscreen", "ThirdParty\glfw\examples\offscreen.vcxproj", "{0D7714E9-AA96-379E-9C77-1801C4FD84C9}"
	ProjectSection(ProjectDependencies) = postProject
		{9A83632C-B3F3-332E-8071-80EFDED654DF} = {9A83632C-B3F3-332E-8071-80EFDED654DF}
		{EC1908C6-C03D-33B6-810B-08AEE4FEF8EE} = {EC1908C6-C03D-33B6-810B-08AEE4FEF8EE}
	EndProjectSection
EndProject
Project("{8BC9CEB8-8B4A-11D0-8D11-00A0C91BC942}") = "opacity", "ThirdParty\glfw\tests\opacity.vcxproj", "{0C6C5E89-B50D-3DA3-9D94-70506E82C0AF}"
	ProjectSection(ProjectDependencies) = postProject
		{9A83632C-B3F3-332E-8071-80EFDED654DF} = {9A83632C-B3F3-332E-8071-80EFDED654DF}
		{EC1908C6-C03D-33B6-810B-08AEE4FEF8EE} = {EC1908C6-C03D-33B6-810B-08AEE4FEF8EE}
	EndProjectSection
EndProject
Project("{8BC9CEB8-8B4A-11D0-8D11-00A0C91BC942}") = "particles", "ThirdParty\glfw\examples\particles.vcxproj", "{B4A8E3D9-6F07-38A2-A4B1-ED1D46D9A984}"
	ProjectSection(ProjectDependencies) = postProject
		{9A83632C-B3F3-332E-8071-80EFDED654DF} = {9A83632C-B3F3-332E-8071-80EFDED654DF}
		{EC1908C6-C03D-33B6-810B-08AEE4FEF8EE} = {EC1908C6-C03D-33B6-810B-08AEE4FEF8EE}
	EndProjectSection
EndProject
Project("{8BC9CEB8-8B4A-11D0-8D11-00A0C91BC942}") = "reopen", "ThirdParty\glfw\tests\reopen.vcxproj", "{2C76CF1E-1A17-333D-B04F-7C5B72D5313F}"
	ProjectSection(ProjectDependencies) = postProject
		{9A83632C-B3F3-332E-8071-80EFDED654DF} = {9A83632C-B3F3-332E-8071-80EFDED654DF}
		{EC1908C6-C03D-33B6-810B-08AEE4FEF8EE} = {EC1908C6-C03D-33B6-810B-08AEE4FEF8EE}
	EndProjectSection
EndProject
Project("{8BC9CEB8-8B4A-11D0-8D11-00A0C91BC942}") = "sharing", "ThirdParty\glfw\examples\sharing.vcxproj", "{98C3D2E8-F582-3916-B868-66633914A082}"
	ProjectSection(ProjectDependencies) = postProject
		{9A83632C-B3F3-332E-8071-80EFDED654DF} = {9A83632C-B3F3-332E-8071-80EFDED654DF}
		{EC1908C6-C03D-33B6-810B-08AEE4FEF8EE} = {EC1908C6-C03D-33B6-810B-08AEE4FEF8EE}
	EndProjectSection
EndProject
Project("{8BC9CEB8-8B4A-11D0-8D11-00A0C91BC942}") = "simple", "ThirdParty\glfw\examples\simple.vcxproj", "{7F0AB17B-F17C-31AF-B71D-0B575F7923B8}"
	ProjectSection(ProjectDependencies) = postProject
		{9A83632C-B3F3-332E-8071-80EFDED654DF} = {9A83632C-B3F3-332E-8071-80EFDED654DF}
		{EC1908C6-C03D-33B6-810B-08AEE4FEF8EE} = {EC1908C6-C03D-33B6-810B-08AEE4FEF8EE}
	EndProjectSection
EndProject
Project("{8BC9CEB8-8B4A-11D0-8D11-00A0C91BC942}") = "splitview", "ThirdParty\glfw\examples\splitview.vcxproj", "{C6F611AF-2095-3175-9547-9BD114040A51}"
	ProjectSection(ProjectDependencies) = postProject
		{9A83632C-B3F3-332E-8071-80EFDED654DF} = {9A83632C-B3F3-332E-8071-80EFDED654DF}
		{EC1908C6-C03D-33B6-810B-08AEE4FEF8EE} = {EC1908C6-C03D-33B6-810B-08AEE4FEF8EE}
	EndProjectSection
EndProject
Project("{8BC9CEB8-8B4A-11D0-8D11-00A0C91BC942}") = "tearing", "ThirdParty\glfw\tests\tearing.vcxproj", "{834F85EE-F494-3D3E-9A5F-51CED63FF750}"
	ProjectSection(ProjectDependencies) = postProject
		{9A83632C-B3F3-332E-8071-80EFDED654DF} = {9A83632C-B3F3-332E-8071-80EFDED654DF}
		{EC1908C6-C03D-33B6-810B-08AEE4FEF8EE} = {EC1908C6-C03D-33B6-810B-08AEE4FEF8EE}
	EndProjectSection
EndProject
Project("{8BC9CEB8-8B4A-11D0-8D11-00A0C91BC942}") = "threads", "ThirdParty\glfw\tests\threads.vcxproj", "{11CF1987-508F-3B74-AB93-D67AF354B319}"
	ProjectSection(ProjectDependencies) = postProject
		{9A83632C-B3F3-332E-8071-80EFDED654DF} = {9A83632C-B3F3-332E-8071-80EFDED654DF}
		{EC1908C6-C03D-33B6-810B-08AEE4FEF8EE} = {EC1908C6-C03D-33B6-810B-08AEE4FEF8EE}
	EndProjectSection
EndProject
Project("{8BC9CEB8-8B4A-11D0-8D11-00A0C91BC942}") = "timeout", "ThirdParty\glfw\tests\timeout.vcxproj", "{0EFAD66A-1E90-3372-B78F-F9A8C41492A5}"
	ProjectSection(ProjectDependencies) = postProject
		{9A83632C-B3F3-332E-8071-80EFDED654DF} = {9A83632C-B3F3-332E-8071-80EFDED654DF}
		{EC1908C6-C03D-33B6-810B-08AEE4FEF8EE} = {EC1908C6-C03D-33B6-810B-08AEE4FEF8EE}
	EndProjectSection
EndProject
Project("{8BC9CEB8-8B4A-11D0-8D11-00A0C91BC942}") = "title", "ThirdParty\glfw\tests\title.vcxproj", "{4999232F-8017-3E1D-BD7B-F8C0A6AA14C1}"
	ProjectSection(ProjectDependencies) = postProject
		{9A83632C-B3F3-332E-8071-80EFDED654DF} = {9A83632C-B3F3-332E-8071-80EFDED654DF}
		{EC1908C6-C03D-33B6-810B-08AEE4FEF8EE} = {EC1908C6-C03D-33B6-810B-08AEE4FEF8EE}
	EndProjectSection
EndProject
Project("{8BC9CEB8-8B4A-11D0-8D11-00A0C91BC942}") = "uninstall", "ThirdParty\glfw\uninstall.vcxproj", "{FAD65329-A4F9-321A-A589-0A748C9558C2}"
	ProjectSection(ProjectDependencies) = postProject
		{9A83632C-B3F3-332E-8071-80EFDED654DF} = {9A83632C-B3F3-332E-8071-80EFDED654DF}
	EndProjectSection
EndProject
Project("{8BC9CEB8-8B4A-11D0-8D11-00A0C91BC942}") = "wave", "ThirdParty\glfw\examples\wave.vcxproj", "{7D4A946D-5A06-3F0D-882F-C31775669F30}"
	ProjectSection(ProjectDependencies) = postProject
		{9A83632C-B3F3-332E-8071-80EFDED654DF} = {9A83632C-B3F3-332E-8071-80EFDED654DF}
		{EC1908C6-C03D-33B6-810B-08AEE4FEF8EE} = {EC1908C6-C03D-33B6-810B-08AEE4FEF8EE}
	EndProjectSection
EndProject
Project("{8BC9CEB8-8B4A-11D0-8D11-00A0C91BC942}") = "windows", "ThirdParty\glfw\tests\windows.vcxproj", "{E32B004F-2413-30CF-873E-A2AF58C71DE7}"
	ProjectSection(ProjectDependencies) = postProject
		{9A83632C-B3F3-332E-8071-80EFDED654DF} = {9A83632C-B3F3-332E-8071-80EFDED654DF}
		{EC1908C6-C03D-33B6-810B-08AEE4FEF8EE} = {EC1908C6-C03D-33B6-810B-08AEE4FEF8EE}
	EndProjectSection
EndProject
Global
	GlobalSection(SolutionConfigurationPlatforms) = preSolution
		Debug|x64 = Debug|x64
		Release|x64 = Release|x64
		MinSizeRel|x64 = MinSizeRel|x64
		RelWithDebInfo|x64 = RelWithDebInfo|x64
	EndGlobalSection
	GlobalSection(ProjectConfigurationPlatforms) = postSolution
		{A25D6D77-56BB-3B15-9EA5-55FB022DF29C}.Debug|x64.ActiveCfg = Debug|x64
		{A25D6D77-56BB-3B15-9EA5-55FB022DF29C}.Debug|x64.Build.0 = Debug|x64
		{A25D6D77-56BB-3B15-9EA5-55FB022DF29C}.Release|x64.ActiveCfg = Release|x64
		{A25D6D77-56BB-3B15-9EA5-55FB022DF29C}.Release|x64.Build.0 = Release|x64
		{A25D6D77-56BB-3B15-9EA5-55FB022DF29C}.MinSizeRel|x64.ActiveCfg = MinSizeRel|x64
		{A25D6D77-56BB-3B15-9EA5-55FB022DF29C}.MinSizeRel|x64.Build.0 = MinSizeRel|x64
		{A25D6D77-56BB-3B15-9EA5-55FB022DF29C}.RelWithDebInfo|x64.ActiveCfg = RelWithDebInfo|x64
		{A25D6D77-56BB-3B15-9EA5-55FB022DF29C}.RelWithDebInfo|x64.Build.0 = RelWithDebInfo|x64
		{6C3BBEC3-1241-3A7D-A775-E14429B31268}.Debug|x64.ActiveCfg = Debug|x64
		{6C3BBEC3-1241-3A7D-A775-E14429B31268}.Debug|x64.Build.0 = Debug|x64
		{6C3BBEC3-1241-3A7D-A775-E14429B31268}.Release|x64.ActiveCfg = Release|x64
		{6C3BBEC3-1241-3A7D-A775-E14429B31268}.Release|x64.Build.0 = Release|x64
		{6C3BBEC3-1241-3A7D-A775-E14429B31268}.MinSizeRel|x64.ActiveCfg = MinSizeRel|x64
		{6C3BBEC3-1241-3A7D-A775-E14429B31268}.MinSizeRel|x64.Build.0 = MinSizeRel|x64
		{6C3BBEC3-1241-3A7D-A775-E14429B31268}.RelWithDebInfo|x64.ActiveCfg = RelWithDebInfo|x64
		{6C3BBEC3-1241-3A7D-A775-E14429B31268}.RelWithDebInfo|x64.Build.0 = RelWithDebInfo|x64
		{86254C34-CAAA-37FD-A0BD-ACE28440B9EC}.Debug|x64.ActiveCfg = Debug|x64
		{86254C34-CAAA-37FD-A0BD-ACE28440B9EC}.Release|x64.ActiveCfg = Release|x64
		{86254C34-CAAA-37FD-A0BD-ACE28440B9EC}.MinSizeRel|x64.ActiveCfg = MinSizeRel|x64
		{86254C34-CAAA-37FD-A0BD-ACE28440B9EC}.RelWithDebInfo|x64.ActiveCfg = RelWithDebInfo|x64
		{AA7AE618-BABE-38C6-99D8-43DA059C78C0}.Debug|x64.ActiveCfg = Debug|x64
		{AA7AE618-BABE-38C6-99D8-43DA059C78C0}.Debug|x64.Build.0 = Debug|x64
		{AA7AE618-BABE-38C6-99D8-43DA059C78C0}.Release|x64.ActiveCfg = Release|x64
		{AA7AE618-BABE-38C6-99D8-43DA059C78C0}.Release|x64.Build.0 = Release|x64
		{AA7AE618-BABE-38C6-99D8-43DA059C78C0}.MinSizeRel|x64.ActiveCfg = MinSizeRel|x64
		{AA7AE618-BABE-38C6-99D8-43DA059C78C0}.MinSizeRel|x64.Build.0 = MinSizeRel|x64
		{AA7AE618-BABE-38C6-99D8-43DA059C78C0}.RelWithDebInfo|x64.ActiveCfg = RelWithDebInfo|x64
		{AA7AE618-BABE-38C6-99D8-43DA059C78C0}.RelWithDebInfo|x64.Build.0 = RelWithDebInfo|x64
		{9A83632C-B3F3-332E-8071-80EFDED654DF}.Debug|x64.ActiveCfg = Debug|x64
		{9A83632C-B3F3-332E-8071-80EFDED654DF}.Debug|x64.Build.0 = Debug|x64
		{9A83632C-B3F3-332E-8071-80EFDED654DF}.Release|x64.ActiveCfg = Release|x64
		{9A83632C-B3F3-332E-8071-80EFDED654DF}.Release|x64.Build.0 = Release|x64
		{9A83632C-B3F3-332E-8071-80EFDED654DF}.MinSizeRel|x64.ActiveCfg = MinSizeRel|x64
		{9A83632C-B3F3-332E-8071-80EFDED654DF}.MinSizeRel|x64.Build.0 = MinSizeRel|x64
		{9A83632C-B3F3-332E-8071-80EFDED654DF}.RelWithDebInfo|x64.ActiveCfg = RelWithDebInfo|x64
		{9A83632C-B3F3-332E-8071-80EFDED654DF}.RelWithDebInfo|x64.Build.0 = RelWithDebInfo|x64
		{A00FF148-CBFB-3C50-83F4-A57B3C4CF79D}.Debug|x64.ActiveCfg = Debug|x64
		{A00FF148-CBFB-3C50-83F4-A57B3C4CF79D}.Debug|x64.Build.0 = Debug|x64
		{A00FF148-CBFB-3C50-83F4-A57B3C4CF79D}.Release|x64.ActiveCfg = Release|x64
		{A00FF148-CBFB-3C50-83F4-A57B3C4CF79D}.Release|x64.Build.0 = Release|x64
		{A00FF148-CBFB-3C50-83F4-A57B3C4CF79D}.MinSizeRel|x64.ActiveCfg = MinSizeRel|x64
		{A00FF148-CBFB-3C50-83F4-A57B3C4CF79D}.MinSizeRel|x64.Build.0 = MinSizeRel|x64
		{A00FF148-CBFB-3C50-83F4-A57B3C4CF79D}.RelWithDebInfo|x64.ActiveCfg = RelWithDebInfo|x64
		{A00FF148-CBFB-3C50-83F4-A57B3C4CF79D}.RelWithDebInfo|x64.Build.0 = RelWithDebInfo|x64
		{1163CCF6-9524-35F4-B385-ED5AC89EC540}.Debug|x64.ActiveCfg = Debug|x64
		{1163CCF6-9524-35F4-B385-ED5AC89EC540}.Debug|x64.Build.0 = Debug|x64
		{1163CCF6-9524-35F4-B385-ED5AC89EC540}.Release|x64.ActiveCfg = Release|x64
		{1163CCF6-9524-35F4-B385-ED5AC89EC540}.Release|x64.Build.0 = Release|x64
		{1163CCF6-9524-35F4-B385-ED5AC89EC540}.MinSizeRel|x64.ActiveCfg = MinSizeRel|x64
		{1163CCF6-9524-35F4-B385-ED5AC89EC540}.MinSizeRel|x64.Build.0 = MinSizeRel|x64
		{1163CCF6-9524-35F4-B385-ED5AC89EC540}.RelWithDebInfo|x64.ActiveCfg = RelWithDebInfo|x64
		{1163CCF6-9524-35F4-B385-ED5AC89EC540}.RelWithDebInfo|x64.Build.0 = RelWithDebInfo|x64
		{691C72EE-B91F-3270-A20E-E0EC8410D716}.Debug|x64.ActiveCfg = Debug|x64
		{691C72EE-B91F-3270-A20E-E0EC8410D716}.Debug|x64.Build.0 = Debug|x64
		{691C72EE-B91F-3270-A20E-E0EC8410D716}.Release|x64.ActiveCfg = Release|x64
		{691C72EE-B91F-3270-A20E-E0EC8410D716}.Release|x64.Build.0 = Release|x64
		{691C72EE-B91F-3270-A20E-E0EC8410D716}.MinSizeRel|x64.ActiveCfg = MinSizeRel|x64
		{691C72EE-B91F-3270-A20E-E0EC8410D716}.MinSizeRel|x64.Build.0 = MinSizeRel|x64
		{691C72EE-B91F-3270-A20E-E0EC8410D716}.RelWithDebInfo|x64.ActiveCfg = RelWithDebInfo|x64
		{691C72EE-B91F-3270-A20E-E0EC8410D716}.RelWithDebInfo|x64.Build.0 = RelWithDebInfo|x64
		{D2149A51-9848-3F2C-9CBC-9F166FC9AF92}.Debug|x64.ActiveCfg = Debug|x64
		{D2149A51-9848-3F2C-9CBC-9F166FC9AF92}.Debug|x64.Build.0 = Debug|x64
		{D2149A51-9848-3F2C-9CBC-9F166FC9AF92}.Release|x64.ActiveCfg = Release|x64
		{D2149A51-9848-3F2C-9CBC-9F166FC9AF92}.Release|x64.Build.0 = Release|x64
		{D2149A51-9848-3F2C-9CBC-9F166FC9AF92}.MinSizeRel|x64.ActiveCfg = MinSizeRel|x64
		{D2149A51-9848-3F2C-9CBC-9F166FC9AF92}.MinSizeRel|x64.Build.0 = MinSizeRel|x64
		{D2149A51-9848-3F2C-9CBC-9F166FC9AF92}.RelWithDebInfo|x64.ActiveCfg = RelWithDebInfo|x64
		{D2149A51-9848-3F2C-9CBC-9F166FC9AF92}.RelWithDebInfo|x64.Build.0 = RelWithDebInfo|x64
		{DAEC6CC2-BA11-302E-A1DC-8E7079C94A47}.Debug|x64.ActiveCfg = Debug|x64
		{DAEC6CC2-BA11-302E-A1DC-8E7079C94A47}.Debug|x64.Build.0 = Debug|x64
		{DAEC6CC2-BA11-302E-A1DC-8E7079C94A47}.Release|x64.ActiveCfg = Release|x64
		{DAEC6CC2-BA11-302E-A1DC-8E7079C94A47}.Release|x64.Build.0 = Release|x64
		{DAEC6CC2-BA11-302E-A1DC-8E7079C94A47}.MinSizeRel|x64.ActiveCfg = MinSizeRel|x64
		{DAEC6CC2-BA11-302E-A1DC-8E7079C94A47}.MinSizeRel|x64.Build.0 = MinSizeRel|x64
		{DAEC6CC2-BA11-302E-A1DC-8E7079C94A47}.RelWithDebInfo|x64.ActiveCfg = RelWithDebInfo|x64
		{DAEC6CC2-BA11-302E-A1DC-8E7079C94A47}.RelWithDebInfo|x64.Build.0 = RelWithDebInfo|x64
		{A791CD37-1C75-3E21-872E-B8D3F118ADE2}.Debug|x64.ActiveCfg = Debug|x64
		{A791CD37-1C75-3E21-872E-B8D3F118ADE2}.Debug|x64.Build.0 = Debug|x64
		{A791CD37-1C75-3E21-872E-B8D3F118ADE2}.Release|x64.ActiveCfg = Release|x64
		{A791CD37-1C75-3E21-872E-B8D3F118ADE2}.Release|x64.Build.0 = Release|x64
		{A791CD37-1C75-3E21-872E-B8D3F118ADE2}.MinSizeRel|x64.ActiveCfg = MinSizeRel|x64
		{A791CD37-1C75-3E21-872E-B8D3F118ADE2}.MinSizeRel|x64.Build.0 = MinSizeRel|x64
		{A791CD37-1C75-3E21-872E-B8D3F118ADE2}.RelWithDebInfo|x64.ActiveCfg = RelWithDebInfo|x64
		{A791CD37-1C75-3E21-872E-B8D3F118ADE2}.RelWithDebInfo|x64.Build.0 = RelWithDebInfo|x64
		{564A7B8A-BD06-3FE4-83DE-B6ADC9E1311B}.Debug|x64.ActiveCfg = Debug|x64
		{564A7B8A-BD06-3FE4-83DE-B6ADC9E1311B}.Debug|x64.Build.0 = Debug|x64
		{564A7B8A-BD06-3FE4-83DE-B6ADC9E1311B}.Release|x64.ActiveCfg = Release|x64
		{564A7B8A-BD06-3FE4-83DE-B6ADC9E1311B}.Release|x64.Build.0 = Release|x64
		{564A7B8A-BD06-3FE4-83DE-B6ADC9E1311B}.MinSizeRel|x64.ActiveCfg = MinSizeRel|x64
		{564A7B8A-BD06-3FE4-83DE-B6ADC9E1311B}.MinSizeRel|x64.Build.0 = MinSizeRel|x64
		{564A7B8A-BD06-3FE4-83DE-B6ADC9E1311B}.RelWithDebInfo|x64.ActiveCfg = RelWithDebInfo|x64
		{564A7B8A-BD06-3FE4-83DE-B6ADC9E1311B}.RelWithDebInfo|x64.Build.0 = RelWithDebInfo|x64
		{2A39F791-5CAB-3E65-9A2A-52792F411942}.Debug|x64.ActiveCfg = Debug|x64
		{2A39F791-5CAB-3E65-9A2A-52792F411942}.Debug|x64.Build.0 = Debug|x64
		{2A39F791-5CAB-3E65-9A2A-52792F411942}.Release|x64.ActiveCfg = Release|x64
		{2A39F791-5CAB-3E65-9A2A-52792F411942}.Release|x64.Build.0 = Release|x64
		{2A39F791-5CAB-3E65-9A2A-52792F411942}.MinSizeRel|x64.ActiveCfg = MinSizeRel|x64
		{2A39F791-5CAB-3E65-9A2A-52792F411942}.MinSizeRel|x64.Build.0 = MinSizeRel|x64
		{2A39F791-5CAB-3E65-9A2A-52792F411942}.RelWithDebInfo|x64.ActiveCfg = RelWithDebInfo|x64
		{2A39F791-5CAB-3E65-9A2A-52792F411942}.RelWithDebInfo|x64.Build.0 = RelWithDebInfo|x64
		{DBEB37C9-B98C-3608-AB74-6A46DEF940A3}.Debug|x64.ActiveCfg = Debug|x64
		{DBEB37C9-B98C-3608-AB74-6A46DEF940A3}.Debug|x64.Build.0 = Debug|x64
		{DBEB37C9-B98C-3608-AB74-6A46DEF940A3}.Release|x64.ActiveCfg = Release|x64
		{DBEB37C9-B98C-3608-AB74-6A46DEF940A3}.Release|x64.Build.0 = Release|x64
		{DBEB37C9-B98C-3608-AB74-6A46DEF940A3}.MinSizeRel|x64.ActiveCfg = MinSizeRel|x64
		{DBEB37C9-B98C-3608-AB74-6A46DEF940A3}.MinSizeRel|x64.Build.0 = MinSizeRel|x64
		{DBEB37C9-B98C-3608-AB74-6A46DEF940A3}.RelWithDebInfo|x64.ActiveCfg = RelWithDebInfo|x64
		{DBEB37C9-B98C-3608-AB74-6A46DEF940A3}.RelWithDebInfo|x64.Build.0 = RelWithDebInfo|x64
		{EC1908C6-C03D-33B6-810B-08AEE4FEF8EE}.Debug|x64.ActiveCfg = Debug|x64
		{EC1908C6-C03D-33B6-810B-08AEE4FEF8EE}.Debug|x64.Build.0 = Debug|x64
		{EC1908C6-C03D-33B6-810B-08AEE4FEF8EE}.Release|x64.ActiveCfg = Release|x64
		{EC1908C6-C03D-33B6-810B-08AEE4FEF8EE}.Release|x64.Build.0 = Release|x64
		{EC1908C6-C03D-33B6-810B-08AEE4FEF8EE}.MinSizeRel|x64.ActiveCfg = MinSizeRel|x64
		{EC1908C6-C03D-33B6-810B-08AEE4FEF8EE}.MinSizeRel|x64.Build.0 = MinSizeRel|x64
		{EC1908C6-C03D-33B6-810B-08AEE4FEF8EE}.RelWithDebInfo|x64.ActiveCfg = RelWithDebInfo|x64
		{EC1908C6-C03D-33B6-810B-08AEE4FEF8EE}.RelWithDebInfo|x64.Build.0 = RelWithDebInfo|x64
		{63A48127-F9E7-3B56-9BDB-8EAA8BC05375}.Debug|x64.ActiveCfg = Debug|x64
		{63A48127-F9E7-3B56-9BDB-8EAA8BC05375}.Debug|x64.Build.0 = Debug|x64
		{63A48127-F9E7-3B56-9BDB-8EAA8BC05375}.Release|x64.ActiveCfg = Release|x64
		{63A48127-F9E7-3B56-9BDB-8EAA8BC05375}.Release|x64.Build.0 = Release|x64
		{63A48127-F9E7-3B56-9BDB-8EAA8BC05375}.MinSizeRel|x64.ActiveCfg = MinSizeRel|x64
		{63A48127-F9E7-3B56-9BDB-8EAA8BC05375}.MinSizeRel|x64.Build.0 = MinSizeRel|x64
		{63A48127-F9E7-3B56-9BDB-8EAA8BC05375}.RelWithDebInfo|x64.ActiveCfg = RelWithDebInfo|x64
		{63A48127-F9E7-3B56-9BDB-8EAA8BC05375}.RelWithDebInfo|x64.Build.0 = RelWithDebInfo|x64
		{92CD6552-572E-346B-A5DD-72659FE331D0}.Debug|x64.ActiveCfg = Debug|x64
		{92CD6552-572E-346B-A5DD-72659FE331D0}.Debug|x64.Build.0 = Debug|x64
		{92CD6552-572E-346B-A5DD-72659FE331D0}.Release|x64.ActiveCfg = Release|x64
		{92CD6552-572E-346B-A5DD-72659FE331D0}.Release|x64.Build.0 = Release|x64
		{92CD6552-572E-346B-A5DD-72659FE331D0}.MinSizeRel|x64.ActiveCfg = MinSizeRel|x64
		{92CD6552-572E-346B-A5DD-72659FE331D0}.MinSizeRel|x64.Build.0 = MinSizeRel|x64
		{92CD6552-572E-346B-A5DD-72659FE331D0}.RelWithDebInfo|x64.ActiveCfg = RelWithDebInfo|x64
		{92CD6552-572E-346B-A5DD-72659FE331D0}.RelWithDebInfo|x64.Build.0 = RelWithDebInfo|x64
		{B31FDB4A-8BCC-3069-8B46-0F4163F977B9}.Debug|x64.ActiveCfg = Debug|x64
		{B31FDB4A-8BCC-3069-8B46-0F4163F977B9}.Debug|x64.Build.0 = Debug|x64
		{B31FDB4A-8BCC-3069-8B46-0F4163F977B9}.Release|x64.ActiveCfg = Release|x64
		{B31FDB4A-8BCC-3069-8B46-0F4163F977B9}.Release|x64.Build.0 = Release|x64
		{B31FDB4A-8BCC-3069-8B46-0F4163F977B9}.MinSizeRel|x64.ActiveCfg = MinSizeRel|x64
		{B31FDB4A-8BCC-3069-8B46-0F4163F977B9}.MinSizeRel|x64.Build.0 = MinSizeRel|x64
		{B31FDB4A-8BCC-3069-8B46-0F4163F977B9}.RelWithDebInfo|x64.ActiveCfg = RelWithDebInfo|x64
		{B31FDB4A-8BCC-3069-8B46-0F4163F977B9}.RelWithDebInfo|x64.Build.0 = RelWithDebInfo|x64
		{5AACF209-9BD2-3F00-A30D-B642559EB2A5}.Debug|x64.ActiveCfg = Debug|x64
		{5AACF209-9BD2-3F00-A30D-B642559EB2A5}.Debug|x64.Build.0 = Debug|x64
		{5AACF209-9BD2-3F00-A30D-B642559EB2A5}.Release|x64.ActiveCfg = Release|x64
		{5AACF209-9BD2-3F00-A30D-B642559EB2A5}.Release|x64.Build.0 = Release|x64
		{5AACF209-9BD2-3F00-A30D-B642559EB2A5}.MinSizeRel|x64.ActiveCfg = MinSizeRel|x64
		{5AACF209-9BD2-3F00-A30D-B642559EB2A5}.MinSizeRel|x64.Build.0 = MinSizeRel|x64
		{5AACF209-9BD2-3F00-A30D-B642559EB2A5}.RelWithDebInfo|x64.ActiveCfg = RelWithDebInfo|x64
		{5AACF209-9BD2-3F00-A30D-B642559EB2A5}.RelWithDebInfo|x64.Build.0 = RelWithDebInfo|x64
		{7E414736-5395-3F41-AD5D-E60F37E3D765}.Debug|x64.ActiveCfg = Debug|x64
		{7E414736-5395-3F41-AD5D-E60F37E3D765}.Debug|x64.Build.0 = Debug|x64
		{7E414736-5395-3F41-AD5D-E60F37E3D765}.Release|x64.ActiveCfg = Release|x64
		{7E414736-5395-3F41-AD5D-E60F37E3D765}.Release|x64.Build.0 = Release|x64
		{7E414736-5395-3F41-AD5D-E60F37E3D765}.MinSizeRel|x64.ActiveCfg = MinSizeRel|x64
		{7E414736-5395-3F41-AD5D-E60F37E3D765}.MinSizeRel|x64.Build.0 = MinSizeRel|x64
		{7E414736-5395-3F41-AD5D-E60F37E3D765}.RelWithDebInfo|x64.ActiveCfg = RelWithDebInfo|x64
		{7E414736-5395-3F41-AD5D-E60F37E3D765}.RelWithDebInfo|x64.Build.0 = RelWithDebInfo|x64
		{756E2036-83AB-36E9-814B-F38102310CAC}.Debug|x64.ActiveCfg = Debug|x64
		{756E2036-83AB-36E9-814B-F38102310CAC}.Debug|x64.Build.0 = Debug|x64
		{756E2036-83AB-36E9-814B-F38102310CAC}.Release|x64.ActiveCfg = Release|x64
		{756E2036-83AB-36E9-814B-F38102310CAC}.Release|x64.Build.0 = Release|x64
		{756E2036-83AB-36E9-814B-F38102310CAC}.MinSizeRel|x64.ActiveCfg = MinSizeRel|x64
		{756E2036-83AB-36E9-814B-F38102310CAC}.MinSizeRel|x64.Build.0 = MinSizeRel|x64
		{756E2036-83AB-36E9-814B-F38102310CAC}.RelWithDebInfo|x64.ActiveCfg = RelWithDebInfo|x64
		{756E2036-83AB-36E9-814B-F38102310CAC}.RelWithDebInfo|x64.Build.0 = RelWithDebInfo|x64
		{8B1C59B3-09E0-3B3C-B457-D83868B39149}.Debug|x64.ActiveCfg = Debug|x64
		{8B1C59B3-09E0-3B3C-B457-D83868B39149}.Debug|x64.Build.0 = Debug|x64
		{8B1C59B3-09E0-3B3C-B457-D83868B39149}.Release|x64.ActiveCfg = Release|x64
		{8B1C59B3-09E0-3B3C-B457-D83868B39149}.Release|x64.Build.0 = Release|x64
		{8B1C59B3-09E0-3B3C-B457-D83868B39149}.MinSizeRel|x64.ActiveCfg = MinSizeRel|x64
		{8B1C59B3-09E0-3B3C-B457-D83868B39149}.MinSizeRel|x64.Build.0 = MinSizeRel|x64
		{8B1C59B3-09E0-3B3C-B457-D83868B39149}.RelWithDebInfo|x64.ActiveCfg = RelWithDebInfo|x64
		{8B1C59B3-09E0-3B3C-B457-D83868B39149}.RelWithDebInfo|x64.Build.0 = RelWithDebInfo|x64
		{F64AAECC-C8A0-3A63-BA40-C413CD1B3E05}.Debug|x64.ActiveCfg = Debug|x64
		{F64AAECC-C8A0-3A63-BA40-C413CD1B3E05}.Debug|x64.Build.0 = Debug|x64
		{F64AAECC-C8A0-3A63-BA40-C413CD1B3E05}.Release|x64.ActiveCfg = Release|x64
		{F64AAECC-C8A0-3A63-BA40-C413CD1B3E05}.Release|x64.Build.0 = Release|x64
		{F64AAECC-C8A0-3A63-BA40-C413CD1B3E05}.MinSizeRel|x64.ActiveCfg = MinSizeRel|x64
		{F64AAECC-C8A0-3A63-BA40-C413CD1B3E05}.MinSizeRel|x64.Build.0 = MinSizeRel|x64
		{F64AAECC-C8A0-3A63-BA40-C413CD1B3E05}.RelWithDebInfo|x64.ActiveCfg = RelWithDebInfo|x64
		{F64AAECC-C8A0-3A63-BA40-C413CD1B3E05}.RelWithDebInfo|x64.Build.0 = RelWithDebInfo|x64
		{D513EF61-5EF7-3992-A20B-736FCF3D0522}.Debug|x64.ActiveCfg = Debug|x64
		{D513EF61-5EF7-3992-A20B-736FCF3D0522}.Debug|x64.Build.0 = Debug|x64
		{D513EF61-5EF7-3992-A20B-736FCF3D0522}.Release|x64.ActiveCfg = Release|x64
		{D513EF61-5EF7-3992-A20B-736FCF3D0522}.Release|x64.Build.0 = Release|x64
		{D513EF61-5EF7-3992-A20B-736FCF3D0522}.MinSizeRel|x64.ActiveCfg = MinSizeRel|x64
		{D513EF61-5EF7-3992-A20B-736FCF3D0522}.MinSizeRel|x64.Build.0 = MinSizeRel|x64
		{D513EF61-5EF7-3992-A20B-736FCF3D0522}.RelWithDebInfo|x64.ActiveCfg = RelWithDebInfo|x64
		{D513EF61-5EF7-3992-A20B-736FCF3D0522}.RelWithDebInfo|x64.Build.0 = RelWithDebInfo|x64
		{2EB38D89-A61F-3135-85CF-B858F4364A5B}.Debug|x64.ActiveCfg = Debug|x64
		{2EB38D89-A61F-3135-85CF-B858F4364A5B}.Debug|x64.Build.0 = Debug|x64
		{2EB38D89-A61F-3135-85CF-B858F4364A5B}.Release|x64.ActiveCfg = Release|x64
		{2EB38D89-A61F-3135-85CF-B858F4364A5B}.Release|x64.Build.0 = Release|x64
		{2EB38D89-A61F-3135-85CF-B858F4364A5B}.MinSizeRel|x64.ActiveCfg = MinSizeRel|x64
		{2EB38D89-A61F-3135-85CF-B858F4364A5B}.MinSizeRel|x64.Build.0 = MinSizeRel|x64
		{2EB38D89-A61F-3135-85CF-B858F4364A5B}.RelWithDebInfo|x64.ActiveCfg = RelWithDebInfo|x64
		{2EB38D89-A61F-3135-85CF-B858F4364A5B}.RelWithDebInfo|x64.Build.0 = RelWithDebInfo|x64
		{0D7714E9-AA96-379E-9C77-1801C4FD84C9}.Debug|x64.ActiveCfg = Debug|x64
		{0D7714E9-AA96-379E-9C77-1801C4FD84C9}.Debug|x64.Build.0 = Debug|x64
		{0D7714E9-AA96-379E-9C77-1801C4FD84C9}.Release|x64.ActiveCfg = Release|x64
		{0D7714E9-AA96-379E-9C77-1801C4FD84C9}.Release|x64.Build.0 = Release|x64
		{0D7714E9-AA96-379E-9C77-1801C4FD84C9}.MinSizeRel|x64.ActiveCfg = MinSizeRel|x64
		{0D7714E9-AA96-379E-9C77-1801C4FD84C9}.MinSizeRel|x64.Build.0 = MinSizeRel|x64
		{0D7714E9-AA96-379E-9C77-1801C4FD84C9}.RelWithDebInfo|x64.ActiveCfg = RelWithDebInfo|x64
		{0D7714E9-AA96-379E-9C77-1801C4FD84C9}.RelWithDebInfo|x64.Build.0 = RelWithDebInfo|x64
		{0C6C5E89-B50D-3DA3-9D94-70506E82C0AF}.Debug|x64.ActiveCfg = Debug|x64
		{0C6C5E89-B50D-3DA3-9D94-70506E82C0AF}.Debug|x64.Build.0 = Debug|x64
		{0C6C5E89-B50D-3DA3-9D94-70506E82C0AF}.Release|x64.ActiveCfg = Release|x64
		{0C6C5E89-B50D-3DA3-9D94-70506E82C0AF}.Release|x64.Build.0 = Release|x64
		{0C6C5E89-B50D-3DA3-9D94-70506E82C0AF}.MinSizeRel|x64.ActiveCfg = MinSizeRel|x64
		{0C6C5E89-B50D-3DA3-9D94-70506E82C0AF}.MinSizeRel|x64.Build.0 = MinSizeRel|x64
		{0C6C5E89-B50D-3DA3-9D94-70506E82C0AF}.RelWithDebInfo|x64.ActiveCfg = RelWithDebInfo|x64
		{0C6C5E89-B50D-3DA3-9D94-70506E82C0AF}.RelWithDebInfo|x64.Build.0 = RelWithDebInfo|x64
		{B4A8E3D9-6F07-38A2-A4B1-ED1D46D9A984}.Debug|x64.ActiveCfg = Debug|x64
		{B4A8E3D9-6F07-38A2-A4B1-ED1D46D9A984}.Debug|x64.Build.0 = Debug|x64
		{B4A8E3D9-6F07-38A2-A4B1-ED1D46D9A984}.Release|x64.ActiveCfg = Release|x64
		{B4A8E3D9-6F07-38A2-A4B1-ED1D46D9A984}.Release|x64.Build.0 = Release|x64
		{B4A8E3D9-6F07-38A2-A4B1-ED1D46D9A984}.MinSizeRel|x64.ActiveCfg = MinSizeRel|x64
		{B4A8E3D9-6F07-38A2-A4B1-ED1D46D9A984}.MinSizeRel|x64.Build.0 = MinSizeRel|x64
		{B4A8E3D9-6F07-38A2-A4B1-ED1D46D9A984}.RelWithDebInfo|x64.ActiveCfg = RelWithDebInfo|x64
		{B4A8E3D9-6F07-38A2-A4B1-ED1D46D9A984}.RelWithDebInfo|x64.Build.0 = RelWithDebInfo|x64
		{2C76CF1E-1A17-333D-B04F-7C5B72D5313F}.Debug|x64.ActiveCfg = Debug|x64
		{2C76CF1E-1A17-333D-B04F-7C5B72D5313F}.Debug|x64.Build.0 = Debug|x64
		{2C76CF1E-1A17-333D-B04F-7C5B72D5313F}.Release|x64.ActiveCfg = Release|x64
		{2C76CF1E-1A17-333D-B04F-7C5B72D5313F}.Release|x64.Build.0 = Release|x64
		{2C76CF1E-1A17-333D-B04F-7C5B72D5313F}.MinSizeRel|x64.ActiveCfg = MinSizeRel|x64
		{2C76CF1E-1A17-333D-B04F-7C5B72D5313F}.MinSizeRel|x64.Build.0 = MinSizeRel|x64
		{2C76CF1E-1A17-333D-B04F-7C5B72D5313F}.RelWithDebInfo|x64.ActiveCfg = RelWithDebInfo|x64
		{2C76CF1E-1A17-333D-B04F-7C5B72D5313F}.RelWithDebInfo|x64.Build.0 = RelWithDebInfo|x64
		{98C3D2E8-F582-3916-B868-66633914A082}.Debug|x64.ActiveCfg = Debug|x64
		{98C3D2E8-F582-3916-B868-66633914A082}.Debug|x64.Build.0 = Debug|x64
		{98C3D2E8-F582-3916-B868-66633914A082}.Release|x64.ActiveCfg = Release|x64
		{98C3D2E8-F582-3916-B868-66633914A082}.Release|x64.Build.0 = Release|x64
		{98C3D2E8-F582-3916-B868-66633914A082}.MinSizeRel|x64.ActiveCfg = MinSizeRel|x64
		{98C3D2E8-F582-3916-B868-66633914A082}.MinSizeRel|x64.Build.0 = MinSizeRel|x64
		{98C3D2E8-F582-3916-B868-66633914A082}.RelWithDebInfo|x64.ActiveCfg = RelWithDebInfo|x64
		{98C3D2E8-F582-3916-B868-66633914A082}.RelWithDebInfo|x64.Build.0 = RelWithDebInfo|x64
		{7F0AB17B-F17C-31AF-B71D-0B575F7923B8}.Debug|x64.ActiveCfg = Debug|x64
		{7F0AB17B-F17C-31AF-B71D-0B575F7923B8}.Debug|x64.Build.0 = Debug|x64
		{7F0AB17B-F17C-31AF-B71D-0B575F7923B8}.Release|x64.ActiveCfg = Release|x64
		{7F0AB17B-F17C-31AF-B71D-0B575F7923B8}.Release|x64.Build.0 = Release|x64
		{7F0AB17B-F17C-31AF-B71D-0B575F7923B8}.MinSizeRel|x64.ActiveCfg = MinSizeRel|x64
		{7F0AB17B-F17C-31AF-B71D-0B575F7923B8}.MinSizeRel|x64.Build.0 = MinSizeRel|x64
		{7F0AB17B-F17C-31AF-B71D-0B575F7923B8}.RelWithDebInfo|x64.ActiveCfg = RelWithDebInfo|x64
		{7F0AB17B-F17C-31AF-B71D-0B575F7923B8}.RelWithDebInfo|x64.Build.0 = RelWithDebInfo|x64
		{C6F611AF-2095-3175-9547-9BD114040A51}.Debug|x64.ActiveCfg = Debug|x64
		{C6F611AF-2095-3175-9547-9BD114040A51}.Debug|x64.Build.0 = Debug|x64
		{C6F611AF-2095-3175-9547-9BD114040A51}.Release|x64.ActiveCfg = Release|x64
		{C6F611AF-2095-3175-9547-9BD114040A51}.Release|x64.Build.0 = Release|x64
		{C6F611AF-2095-3175-9547-9BD114040A51}.MinSizeRel|x64.ActiveCfg = MinSizeRel|x64
		{C6F611AF-2095-3175-9547-9BD114040A51}.MinSizeRel|x64.Build.0 = MinSizeRel|x64
		{C6F611AF-2095-3175-9547-9BD114040A51}.RelWithDebInfo|x64.ActiveCfg = RelWithDebInfo|x64
		{C6F611AF-2095-3175-9547-9BD114040A51}.RelWithDebInfo|x64.Build.0 = RelWithDebInfo|x64
		{834F85EE-F494-3D3E-9A5F-51CED63FF750}.Debug|x64.ActiveCfg = Debug|x64
		{834F85EE-F494-3D3E-9A5F-51CED63FF750}.Debug|x64.Build.0 = Debug|x64
		{834F85EE-F494-3D3E-9A5F-51CED63FF750}.Release|x64.ActiveCfg = Release|x64
		{834F85EE-F494-3D3E-9A5F-51CED63FF750}.Release|x64.Build.0 = Release|x64
		{834F85EE-F494-3D3E-9A5F-51CED63FF750}.MinSizeRel|x64.ActiveCfg = MinSizeRel|x64
		{834F85EE-F494-3D3E-9A5F-51CED63FF750}.MinSizeRel|x64.Build.0 = MinSizeRel|x64
		{834F85EE-F494-3D3E-9A5F-51CED63FF750}.RelWithDebInfo|x64.ActiveCfg = RelWithDebInfo|x64
		{834F85EE-F494-3D3E-9A5F-51CED63FF750}.RelWithDebInfo|x64.Build.0 = RelWithDebInfo|x64
		{11CF1987-508F-3B74-AB93-D67AF354B319}.Debug|x64.ActiveCfg = Debug|x64
		{11CF1987-508F-3B74-AB93-D67AF354B319}.Debug|x64.Build.0 = Debug|x64
		{11CF1987-508F-3B74-AB93-D67AF354B319}.Release|x64.ActiveCfg = Release|x64
		{11CF1987-508F-3B74-AB93-D67AF354B319}.Release|x64.Build.0 = Release|x64
		{11CF1987-508F-3B74-AB93-D67AF354B319}.MinSizeRel|x64.ActiveCfg = MinSizeRel|x64
		{11CF1987-508F-3B74-AB93-D67AF354B319}.MinSizeRel|x64.Build.0 = MinSizeRel|x64
		{11CF1987-508F-3B74-AB93-D67AF354B319}.RelWithDebInfo|x64.ActiveCfg = RelWithDebInfo|x64
		{11CF1987-508F-3B74-AB93-D67AF354B319}.RelWithDebInfo|x64.Build.0 = RelWithDebInfo|x64
		{0EFAD66A-1E90-3372-B78F-F9A8C41492A5}.Debug|x64.ActiveCfg = Debug|x64
		{0EFAD66A-1E90-3372-B78F-F9A8C41492A5}.Debug|x64.Build.0 = Debug|x64
		{0EFAD66A-1E90-3372-B78F-F9A8C41492A5}.Release|x64.ActiveCfg = Release|x64
		{0EFAD66A-1E90-3372-B78F-F9A8C41492A5}.Release|x64.Build.0 = Release|x64
		{0EFAD66A-1E90-3372-B78F-F9A8C41492A5}.MinSizeRel|x64.ActiveCfg = MinSizeRel|x64
		{0EFAD66A-1E90-3372-B78F-F9A8C41492A5}.MinSizeRel|x64.Build.0 = MinSizeRel|x64
		{0EFAD66A-1E90-3372-B78F-F9A8C41492A5}.RelWithDebInfo|x64.ActiveCfg = RelWithDebInfo|x64
		{0EFAD66A-1E90-3372-B78F-F9A8C41492A5}.RelWithDebInfo|x64.Build.0 = RelWithDebInfo|x64
		{4999232F-8017-3E1D-BD7B-F8C0A6AA14C1}.Debug|x64.ActiveCfg = Debug|x64
		{4999232F-8017-3E1D-BD7B-F8C0A6AA14C1}.Debug|x64.Build.0 = Debug|x64
		{4999232F-8017-3E1D-BD7B-F8C0A6AA14C1}.Release|x64.ActiveCfg = Release|x64
		{4999232F-8017-3E1D-BD7B-F8C0A6AA14C1}.Release|x64.Build.0 = Release|x64
		{4999232F-8017-3E1D-BD7B-F8C0A6AA14C1}.MinSizeRel|x64.ActiveCfg = MinSizeRel|x64
		{4999232F-8017-3E1D-BD7B-F8C0A6AA14C1}.MinSizeRel|x64.Build.0 = MinSizeRel|x64
		{4999232F-8017-3E1D-BD7B-F8C0A6AA14C1}.RelWithDebInfo|x64.ActiveCfg = RelWithDebInfo|x64
		{4999232F-8017-3E1D-BD7B-F8C0A6AA14C1}.RelWithDebInfo|x64.Build.0 = RelWithDebInfo|x64
		{FAD65329-A4F9-321A-A589-0A748C9558C2}.Debug|x64.ActiveCfg = Debug|x64
		{FAD65329-A4F9-321A-A589-0A748C9558C2}.Release|x64.ActiveCfg = Release|x64
		{FAD65329-A4F9-321A-A589-0A748C9558C2}.MinSizeRel|x64.ActiveCfg = MinSizeRel|x64
		{FAD65329-A4F9-321A-A589-0A748C9558C2}.RelWithDebInfo|x64.ActiveCfg = RelWithDebInfo|x64
		{7D4A946D-5A06-3F0D-882F-C31775669F30}.Debug|x64.ActiveCfg = Debug|x64
		{7D4A946D-5A06-3F0D-882F-C31775669F30}.Debug|x64.Build.0 = Debug|x64
		{7D4A946D-5A06-3F0D-882F-C31775669F30}.Release|x64.ActiveCfg = Release|x64
		{7D4A946D-5A06-3F0D-882F-C31775669F30}.Release|x64.Build.0 = Release|x64
		{7D4A946D-5A06-3F0D-882F-C31775669F30}.MinSizeRel|x64.ActiveCfg = MinSizeRel|x64
		{7D4A946D-5A06-3F0D-882F-C31775669F30}.MinSizeRel|x64.Build.0 = MinSizeRel|x64
		{7D4A946D-5A06-3F0D-882F-C31775669F30}.RelWithDebInfo|x64.ActiveCfg = RelWithDebInfo|x64
		{7D4A946D-5A06-3F0D-882F-C31775669F30}.RelWithDebInfo|x64.Build.0 = RelWithDebInfo|x64
		{E32B004F-2413-30CF-873E-A2AF58C71DE7}.Debug|x64.ActiveCfg = Debug|x64
		{E32B004F-2413-30CF-873E-A2AF58C71DE7}.Debug|x64.Build.0 = Debug|x64
		{E32B004F-2413-30CF-873E-A2AF58C71DE7}.Release|x64.ActiveCfg = Release|x64
		{E32B004F-2413-30CF-873E-A2AF58C71DE7}.Release|x64.Build.0 = Release|x64
		{E32B004F-2413-30CF-873E-A2AF58C71DE7}.MinSizeRel|x64.ActiveCfg = MinSizeRel|x64
		{E32B004F-2413-30CF-873E-A2AF58C71DE7}.MinSizeRel|x64.Build.0 = MinSizeRel|x64
		{E32B004F-2413-30CF-873E-A2AF58C71DE7}.RelWithDebInfo|x64.ActiveCfg = RelWithDebInfo|x64
		{E32B004F-2413-30CF-873E-A2AF58C71DE7}.RelWithDebInfo|x64.Build.0 = RelWithDebInfo|x64
	EndGlobalSection
	GlobalSection(NestedProjects) = preSolution
		{6C3BBEC3-1241-3A7D-A775-E14429B31268} = {354A3DAB-9728-3B3D-A5F4-84FCB31153F3}
		{86254C34-CAAA-37FD-A0BD-ACE28440B9EC} = {354A3DAB-9728-3B3D-A5F4-84FCB31153F3}
		{9A83632C-B3F3-332E-8071-80EFDED654DF} = {354A3DAB-9728-3B3D-A5F4-84FCB31153F3}
		{BED19205-D92E-35A4-BC36-50483B8145CC} = {A5D1D820-57F7-33F6-8362-F10D506CB81F}
		{DD422E2D-C77B-3B52-A461-E551F29E753C} = {A5D1D820-57F7-33F6-8362-F10D506CB81F}
		{EC1908C6-C03D-33B6-810B-08AEE4FEF8EE} = {A5D1D820-57F7-33F6-8362-F10D506CB81F}
		{FAD65329-A4F9-321A-A589-0A748C9558C2} = {A5D1D820-57F7-33F6-8362-F10D506CB81F}
		{A00FF148-CBFB-3C50-83F4-A57B3C4CF79D} = {BED19205-D92E-35A4-BC36-50483B8145CC}
		{564A7B8A-BD06-3FE4-83DE-B6ADC9E1311B} = {BED19205-D92E-35A4-BC36-50483B8145CC}
		{92CD6552-572E-346B-A5DD-72659FE331D0} = {BED19205-D92E-35A4-BC36-50483B8145CC}
		{0D7714E9-AA96-379E-9C77-1801C4FD84C9} = {BED19205-D92E-35A4-BC36-50483B8145CC}
		{B4A8E3D9-6F07-38A2-A4B1-ED1D46D9A984} = {BED19205-D92E-35A4-BC36-50483B8145CC}
		{98C3D2E8-F582-3916-B868-66633914A082} = {BED19205-D92E-35A4-BC36-50483B8145CC}
		{7F0AB17B-F17C-31AF-B71D-0B575F7923B8} = {BED19205-D92E-35A4-BC36-50483B8145CC}
		{C6F611AF-2095-3175-9547-9BD114040A51} = {BED19205-D92E-35A4-BC36-50483B8145CC}
		{7D4A946D-5A06-3F0D-882F-C31775669F30} = {BED19205-D92E-35A4-BC36-50483B8145CC}
		{1163CCF6-9524-35F4-B385-ED5AC89EC540} = {DD422E2D-C77B-3B52-A461-E551F29E753C}
		{691C72EE-B91F-3270-A20E-E0EC8410D716} = {DD422E2D-C77B-3B52-A461-E551F29E753C}
		{D2149A51-9848-3F2C-9CBC-9F166FC9AF92} = {DD422E2D-C77B-3B52-A461-E551F29E753C}
		{DAEC6CC2-BA11-302E-A1DC-8E7079C94A47} = {DD422E2D-C77B-3B52-A461-E551F29E753C}
		{A791CD37-1C75-3E21-872E-B8D3F118ADE2} = {DD422E2D-C77B-3B52-A461-E551F29E753C}
		{63A48127-F9E7-3B56-9BDB-8EAA8BC05375} = {DD422E2D-C77B-3B52-A461-E551F29E753C}
		{B31FDB4A-8BCC-3069-8B46-0F4163F977B9} = {DD422E2D-C77B-3B52-A461-E551F29E753C}
		{5AACF209-9BD2-3F00-A30D-B642559EB2A5} = {DD422E2D-C77B-3B52-A461-E551F29E753C}
		{756E2036-83AB-36E9-814B-F38102310CAC} = {DD422E2D-C77B-3B52-A461-E551F29E753C}
		{8B1C59B3-09E0-3B3C-B457-D83868B39149} = {DD422E2D-C77B-3B52-A461-E551F29E753C}
		{F64AAECC-C8A0-3A63-BA40-C413CD1B3E05} = {DD422E2D-C77B-3B52-A461-E551F29E753C}
		{D513EF61-5EF7-3992-A20B-736FCF3D0522} = {DD422E2D-C77B-3B52-A461-E551F29E753C}
		{0C6C5E89-B50D-3DA3-9D94-70506E82C0AF} = {DD422E2D-C77B-3B52-A461-E551F29E753C}
		{2C76CF1E-1A17-333D-B04F-7C5B72D5313F} = {DD422E2D-C77B-3B52-A461-E551F29E753C}
		{834F85EE-F494-3D3E-9A5F-51CED63FF750} = {DD422E2D-C77B-3B52-A461-E551F29E753C}
		{11CF1987-508F-3B74-AB93-D67AF354B319} = {DD422E2D-C77B-3B52-A461-E551F29E753C}
		{0EFAD66A-1E90-3372-B78F-F9A8C41492A5} = {DD422E2D-C77B-3B52-A461-E551F29E753C}
		{4999232F-8017-3E1D-BD7B-F8C0A6AA14C1} = {DD422E2D-C77B-3B52-A461-E551F29E753C}
		{E32B004F-2413-30CF-873E-A2AF58C71DE7} = {DD422E2D-C77B-3B52-A461-E551F29E753C}
		{AA7AE618-BABE-38C6-99D8-43DA059C78C0} = {9A7208C6-7CAE-38DE-A5D6-7898EC6EAFF0}
		{A25D6D77-56BB-3B15-9EA5-55FB022DF29C} = {42DA6DC7-9764-3933-AC05-AC8E7C7D1BF4}
		{7E414736-5395-3F41-AD5D-E60F37E3D765} = {E2C46430-2AF0-39BA-BFF4-71495014D508}
		{2EB38D89-A61F-3135-85CF-B858F4364A5B} = {85C55509-F7F0-3796-8839-24F6CC3702CF}
	EndGlobalSection
	GlobalSection(ExtensibilityGlobals) = postSolution
		SolutionGuid = {044D3245-9FCD-3029-B8B4-FD4A5114BC44}
	EndGlobalSection
	GlobalSection(ExtensibilityAddIns) = postSolution
	EndGlobalSection
EndGlobal
